// !$*UTF8*$!
{
	archiveVersion = 1;
	classes = {
	};
	objectVersion = 46;
	objects = {

/* Begin PBXBuildFile section */
		490C2D531902D42100CF7FA6 /* EVEEventDispatcherTests.m in Sources */ = {isa = PBXBuildFile; fileRef = 490C2D521902D42100CF7FA6 /* EVEEventDispatcherTests.m */; };
		490DB3021929350900FD61EC /* UIView+EventListener.m in Sources */ = {isa = PBXBuildFile; fileRef = 490DB3011929350900FD61EC /* UIView+EventListener.m */; };
		490DB305192939EF00FD61EC /* UIViewController+EventListener.m in Sources */ = {isa = PBXBuildFile; fileRef = 490DB304192939EF00FD61EC /* UIViewController+EventListener.m */; };
		498AF19518F1C81B005B27EA /* Foundation.framework in Frameworks */ = {isa = PBXBuildFile; fileRef = 498AF19418F1C81B005B27EA /* Foundation.framework */; };
		498AF1A318F1C81B005B27EA /* XCTest.framework in Frameworks */ = {isa = PBXBuildFile; fileRef = 498AF1A218F1C81B005B27EA /* XCTest.framework */; };
		498AF1A418F1C81B005B27EA /* Foundation.framework in Frameworks */ = {isa = PBXBuildFile; fileRef = 498AF19418F1C81B005B27EA /* Foundation.framework */; };
		498AF1A618F1C81B005B27EA /* UIKit.framework in Frameworks */ = {isa = PBXBuildFile; fileRef = 498AF1A518F1C81B005B27EA /* UIKit.framework */; };
		498AF1A918F1C81B005B27EA /* libEventListener.a in Frameworks */ = {isa = PBXBuildFile; fileRef = 498AF19118F1C81B005B27EA /* libEventListener.a */; };
		498AF1C418F1C900005B27EA /* InfoPlist.strings in Resources */ = {isa = PBXBuildFile; fileRef = 498AF1C018F1C900005B27EA /* InfoPlist.strings */; };
		498AF1CD18F1CB55005B27EA /* EVEEventDispatcher.m in Sources */ = {isa = PBXBuildFile; fileRef = 498AF1CC18F1CB55005B27EA /* EVEEventDispatcher.m */; };
		498AF1D018F1CB68005B27EA /* EVEEvent.m in Sources */ = {isa = PBXBuildFile; fileRef = 498AF1CF18F1CB68005B27EA /* EVEEvent.m */; };
		49D4DC7119058D0600E1AE89 /* EVEEvent+Friendly.m in Sources */ = {isa = PBXBuildFile; fileRef = 49D4DC7019058D0600E1AE89 /* EVEEvent+Friendly.m */; };
		49D62CDB18F31EC800001E61 /* EVEOrderedList.m in Sources */ = {isa = PBXBuildFile; fileRef = 49D62CDA18F31EC800001E61 /* EVEOrderedList.m */; };
		49D7602818F3592600D5D383 /* EVEEventListenerLambda.m in Sources */ = {isa = PBXBuildFile; fileRef = 49D7602718F3592600D5D383 /* EVEEventListenerLambda.m */; };
		49D7602B18F3593600D5D383 /* EVEEventListenerSelector.m in Sources */ = {isa = PBXBuildFile; fileRef = 49D7602A18F3593600D5D383 /* EVEEventListenerSelector.m */; };
		49DBE5C2192BF53C00219B22 /* EVEUIKitTests.m in Sources */ = {isa = PBXBuildFile; fileRef = 49DBE5C1192BF53C00219B22 /* EVEUIKitTests.m */; };
		49DFE77A19129FDA00CD9553 /* EVEOrderedListTests.m in Sources */ = {isa = PBXBuildFile; fileRef = 49DFE77919129FDA00CD9553 /* EVEOrderedListTests.m */; };
		5AFD9CD089154B9FB9F491DB /* libPods-EventListenerTests.a in Frameworks */ = {isa = PBXBuildFile; fileRef = AA0A59B091ED4FB58BAB7460 /* libPods-EventListenerTests.a */; };
/* End PBXBuildFile section */

/* Begin PBXContainerItemProxy section */
		498AF1A718F1C81B005B27EA /* PBXContainerItemProxy */ = {
			isa = PBXContainerItemProxy;
			containerPortal = 498AF18918F1C81B005B27EA /* Project object */;
			proxyType = 1;
			remoteGlobalIDString = 498AF19018F1C81B005B27EA;
			remoteInfo = EventListener;
		};
/* End PBXContainerItemProxy section */

/* Begin PBXCopyFilesBuildPhase section */
		498AF18F18F1C81B005B27EA /* CopyFiles */ = {
			isa = PBXCopyFilesBuildPhase;
			buildActionMask = 2147483647;
			dstPath = "include/$(PRODUCT_NAME)";
			dstSubfolderSpec = 16;
			files = (
			);
			runOnlyForDeploymentPostprocessing = 0;
		};
/* End PBXCopyFilesBuildPhase section */

/* Begin PBXFileReference section */
		490C2D521902D42100CF7FA6 /* EVEEventDispatcherTests.m */ = {isa = PBXFileReference; fileEncoding = 4; lastKnownFileType = sourcecode.c.objc; path = EVEEventDispatcherTests.m; sourceTree = "<group>"; };
		490C2D541902D47300CF7FA6 /* EventListenerTests-Prefix.pch */ = {isa = PBXFileReference; fileEncoding = 4; lastKnownFileType = sourcecode.c.h; path = "EventListenerTests-Prefix.pch"; sourceTree = "<group>"; };
		490DB3001929350900FD61EC /* UIView+EventListener.h */ = {isa = PBXFileReference; fileEncoding = 4; lastKnownFileType = sourcecode.c.h; path = "UIView+EventListener.h"; sourceTree = "<group>"; };
		490DB3011929350900FD61EC /* UIView+EventListener.m */ = {isa = PBXFileReference; fileEncoding = 4; lastKnownFileType = sourcecode.c.objc; path = "UIView+EventListener.m"; sourceTree = "<group>"; };
		490DB303192939EF00FD61EC /* UIViewController+EventListener.h */ = {isa = PBXFileReference; fileEncoding = 4; lastKnownFileType = sourcecode.c.h; path = "UIViewController+EventListener.h"; sourceTree = "<group>"; };
		490DB304192939EF00FD61EC /* UIViewController+EventListener.m */ = {isa = PBXFileReference; fileEncoding = 4; lastKnownFileType = sourcecode.c.objc; path = "UIViewController+EventListener.m"; sourceTree = "<group>"; };
		498AF19118F1C81B005B27EA /* libEventListener.a */ = {isa = PBXFileReference; explicitFileType = archive.ar; includeInIndex = 0; path = libEventListener.a; sourceTree = BUILT_PRODUCTS_DIR; };
		498AF19418F1C81B005B27EA /* Foundation.framework */ = {isa = PBXFileReference; lastKnownFileType = wrapper.framework; name = Foundation.framework; path = System/Library/Frameworks/Foundation.framework; sourceTree = SDKROOT; };
		498AF1A118F1C81B005B27EA /* EventListenerTests.xctest */ = {isa = PBXFileReference; explicitFileType = wrapper.cfbundle; includeInIndex = 0; path = EventListenerTests.xctest; sourceTree = BUILT_PRODUCTS_DIR; };
		498AF1A218F1C81B005B27EA /* XCTest.framework */ = {isa = PBXFileReference; lastKnownFileType = wrapper.framework; name = XCTest.framework; path = Library/Frameworks/XCTest.framework; sourceTree = DEVELOPER_DIR; };
		498AF1A518F1C81B005B27EA /* UIKit.framework */ = {isa = PBXFileReference; lastKnownFileType = wrapper.framework; name = UIKit.framework; path = Library/Frameworks/UIKit.framework; sourceTree = DEVELOPER_DIR; };
		498AF1BB18F1C8F7005B27EA /* EventListener-Prefix.pch */ = {isa = PBXFileReference; fileEncoding = 4; lastKnownFileType = sourcecode.c.h; path = "EventListener-Prefix.pch"; sourceTree = "<group>"; };
		498AF1C118F1C900005B27EA /* en */ = {isa = PBXFileReference; lastKnownFileType = text.plist.strings; name = en; path = en.lproj/InfoPlist.strings; sourceTree = "<group>"; };
		498AF1C218F1C900005B27EA /* EventListenerTests-Info.plist */ = {isa = PBXFileReference; fileEncoding = 4; lastKnownFileType = text.plist.xml; path = "EventListenerTests-Info.plist"; sourceTree = "<group>"; };
		498AF1C818F1C926005B27EA /* config.xcconfig */ = {isa = PBXFileReference; lastKnownFileType = text.xcconfig; path = config.xcconfig; sourceTree = "<group>"; };
		498AF1CB18F1CB55005B27EA /* EVEEventDispatcher.h */ = {isa = PBXFileReference; fileEncoding = 4; lastKnownFileType = sourcecode.c.h; path = EVEEventDispatcher.h; sourceTree = "<group>"; };
		498AF1CC18F1CB55005B27EA /* EVEEventDispatcher.m */ = {isa = PBXFileReference; fileEncoding = 4; lastKnownFileType = sourcecode.c.objc; path = EVEEventDispatcher.m; sourceTree = "<group>"; };
		498AF1CE18F1CB68005B27EA /* EVEEvent.h */ = {isa = PBXFileReference; fileEncoding = 4; lastKnownFileType = sourcecode.c.h; path = EVEEvent.h; sourceTree = "<group>"; };
		498AF1CF18F1CB68005B27EA /* EVEEvent.m */ = {isa = PBXFileReference; fileEncoding = 4; lastKnownFileType = sourcecode.c.objc; path = EVEEvent.m; sourceTree = "<group>"; };
		49D1547818F2F5FF00C89AC7 /* EVEEventListener.h */ = {isa = PBXFileReference; fileEncoding = 4; lastKnownFileType = sourcecode.c.h; path = EVEEventListener.h; sourceTree = "<group>"; };
		49D4DC6F19058D0600E1AE89 /* EVEEvent+Friendly.h */ = {isa = PBXFileReference; fileEncoding = 4; lastKnownFileType = sourcecode.c.h; path = "EVEEvent+Friendly.h"; sourceTree = "<group>"; };
		49D4DC7019058D0600E1AE89 /* EVEEvent+Friendly.m */ = {isa = PBXFileReference; fileEncoding = 4; lastKnownFileType = sourcecode.c.objc; path = "EVEEvent+Friendly.m"; sourceTree = "<group>"; };
		49D62CD918F31EC800001E61 /* EVEOrderedList.h */ = {isa = PBXFileReference; fileEncoding = 4; lastKnownFileType = sourcecode.c.h; path = EVEOrderedList.h; sourceTree = "<group>"; };
		49D62CDA18F31EC800001E61 /* EVEOrderedList.m */ = {isa = PBXFileReference; fileEncoding = 4; lastKnownFileType = sourcecode.c.objc; path = EVEOrderedList.m; sourceTree = "<group>"; };
		49D7602618F3592600D5D383 /* EVEEventListenerLambda.h */ = {isa = PBXFileReference; fileEncoding = 4; lastKnownFileType = sourcecode.c.h; path = EVEEventListenerLambda.h; sourceTree = "<group>"; };
		49D7602718F3592600D5D383 /* EVEEventListenerLambda.m */ = {isa = PBXFileReference; fileEncoding = 4; lastKnownFileType = sourcecode.c.objc; path = EVEEventListenerLambda.m; sourceTree = "<group>"; };
		49D7602918F3593600D5D383 /* EVEEventListenerSelector.h */ = {isa = PBXFileReference; fileEncoding = 4; lastKnownFileType = sourcecode.c.h; path = EVEEventListenerSelector.h; sourceTree = "<group>"; };
		49D7602A18F3593600D5D383 /* EVEEventListenerSelector.m */ = {isa = PBXFileReference; fileEncoding = 4; lastKnownFileType = sourcecode.c.objc; path = EVEEventListenerSelector.m; sourceTree = "<group>"; };
		49DBE5C1192BF53C00219B22 /* EVEUIKitTests.m */ = {isa = PBXFileReference; fileEncoding = 4; lastKnownFileType = sourcecode.c.objc; path = EVEUIKitTests.m; sourceTree = "<group>"; };
		49DBE5C3192BF5C700219B22 /* EVEUIKit.h */ = {isa = PBXFileReference; fileEncoding = 4; lastKnownFileType = sourcecode.c.h; path = EVEUIKit.h; sourceTree = "<group>"; };
		49DBE5C4192BFBAD00219B22 /* EventListener.h */ = {isa = PBXFileReference; fileEncoding = 4; lastKnownFileType = sourcecode.c.h; path = EventListener.h; sourceTree = "<group>"; };
		49DFE77919129FDA00CD9553 /* EVEOrderedListTests.m */ = {isa = PBXFileReference; fileEncoding = 4; lastKnownFileType = sourcecode.c.objc; path = EVEOrderedListTests.m; sourceTree = "<group>"; };
		5E39B2865450406C915D82F3 /* Pods-EventListenerTests.xcconfig */ = {isa = PBXFileReference; includeInIndex = 1; lastKnownFileType = text.xcconfig; name = "Pods-EventListenerTests.xcconfig"; path = "Pods/Pods-EventListenerTests.xcconfig"; sourceTree = "<group>"; };
		AA0A59B091ED4FB58BAB7460 /* libPods-EventListenerTests.a */ = {isa = PBXFileReference; explicitFileType = archive.ar; includeInIndex = 0; path = "libPods-EventListenerTests.a"; sourceTree = BUILT_PRODUCTS_DIR; };
/* End PBXFileReference section */

/* Begin PBXFrameworksBuildPhase section */
		498AF18E18F1C81B005B27EA /* Frameworks */ = {
			isa = PBXFrameworksBuildPhase;
			buildActionMask = 2147483647;
			files = (
				498AF19518F1C81B005B27EA /* Foundation.framework in Frameworks */,
			);
			runOnlyForDeploymentPostprocessing = 0;
		};
		498AF19E18F1C81B005B27EA /* Frameworks */ = {
			isa = PBXFrameworksBuildPhase;
			buildActionMask = 2147483647;
			files = (
				498AF1A918F1C81B005B27EA /* libEventListener.a in Frameworks */,
				498AF1A318F1C81B005B27EA /* XCTest.framework in Frameworks */,
				498AF1A618F1C81B005B27EA /* UIKit.framework in Frameworks */,
				498AF1A418F1C81B005B27EA /* Foundation.framework in Frameworks */,
				5AFD9CD089154B9FB9F491DB /* libPods-EventListenerTests.a in Frameworks */,
			);
			runOnlyForDeploymentPostprocessing = 0;
		};
/* End PBXFrameworksBuildPhase section */

/* Begin PBXGroup section */
		490DB2FF192934CB00FD61EC /* UIKit */ = {
			isa = PBXGroup;
			children = (
				490DB3001929350900FD61EC /* UIView+EventListener.h */,
				490DB3011929350900FD61EC /* UIView+EventListener.m */,
				490DB303192939EF00FD61EC /* UIViewController+EventListener.h */,
				490DB304192939EF00FD61EC /* UIViewController+EventListener.m */,
				49DBE5C3192BF5C700219B22 /* EVEUIKit.h */,
			);
			path = UIKit;
			sourceTree = "<group>";
		};
		498AF18818F1C81B005B27EA = {
			isa = PBXGroup;
			children = (
				498AF1C718F1C926005B27EA /* Config */,
				498AF19318F1C81B005B27EA /* Frameworks */,
				498AF19218F1C81B005B27EA /* Products */,
				498AF1BA18F1C8F7005B27EA /* Src */,
				498AF1BF18F1C900005B27EA /* Tests */,
				5E39B2865450406C915D82F3 /* Pods-EventListenerTests.xcconfig */,
			);
			sourceTree = "<group>";
		};
		498AF19218F1C81B005B27EA /* Products */ = {
			isa = PBXGroup;
			children = (
				498AF19118F1C81B005B27EA /* libEventListener.a */,
				498AF1A118F1C81B005B27EA /* EventListenerTests.xctest */,
			);
			name = Products;
			sourceTree = "<group>";
		};
		498AF19318F1C81B005B27EA /* Frameworks */ = {
			isa = PBXGroup;
			children = (
				498AF19418F1C81B005B27EA /* Foundation.framework */,
				498AF1A218F1C81B005B27EA /* XCTest.framework */,
				498AF1A518F1C81B005B27EA /* UIKit.framework */,
				AA0A59B091ED4FB58BAB7460 /* libPods-EventListenerTests.a */,
			);
			name = Frameworks;
			sourceTree = "<group>";
		};
		498AF1BA18F1C8F7005B27EA /* Src */ = {
			isa = PBXGroup;
			children = (
				490DB2FF192934CB00FD61EC /* UIKit */,
				498AF1BB18F1C8F7005B27EA /* EventListener-Prefix.pch */,
				498AF1CB18F1CB55005B27EA /* EVEEventDispatcher.h */,
				498AF1CC18F1CB55005B27EA /* EVEEventDispatcher.m */,
				498AF1CE18F1CB68005B27EA /* EVEEvent.h */,
				498AF1CF18F1CB68005B27EA /* EVEEvent.m */,
				49D1547818F2F5FF00C89AC7 /* EVEEventListener.h */,
				49D62CD918F31EC800001E61 /* EVEOrderedList.h */,
				49D62CDA18F31EC800001E61 /* EVEOrderedList.m */,
				49D7602618F3592600D5D383 /* EVEEventListenerLambda.h */,
				49D7602718F3592600D5D383 /* EVEEventListenerLambda.m */,
				49D7602918F3593600D5D383 /* EVEEventListenerSelector.h */,
				49D7602A18F3593600D5D383 /* EVEEventListenerSelector.m */,
				49D4DC6F19058D0600E1AE89 /* EVEEvent+Friendly.h */,
				49D4DC7019058D0600E1AE89 /* EVEEvent+Friendly.m */,
				49DBE5C4192BFBAD00219B22 /* EventListener.h */,
			);
			path = Src;
			sourceTree = "<group>";
		};
		498AF1BF18F1C900005B27EA /* Tests */ = {
			isa = PBXGroup;
			children = (
				49DBE5BF192BF4CE00219B22 /* UIKit */,
				498AF1C018F1C900005B27EA /* InfoPlist.strings */,
				498AF1C218F1C900005B27EA /* EventListenerTests-Info.plist */,
				490C2D521902D42100CF7FA6 /* EVEEventDispatcherTests.m */,
				490C2D541902D47300CF7FA6 /* EventListenerTests-Prefix.pch */,
				49DFE77919129FDA00CD9553 /* EVEOrderedListTests.m */,
			);
			path = Tests;
			sourceTree = "<group>";
		};
		498AF1C718F1C926005B27EA /* Config */ = {
			isa = PBXGroup;
			children = (
				498AF1C818F1C926005B27EA /* config.xcconfig */,
			);
			path = Config;
			sourceTree = "<group>";
		};
		49DBE5BF192BF4CE00219B22 /* UIKit */ = {
			isa = PBXGroup;
			children = (
				49DBE5C1192BF53C00219B22 /* EVEUIKitTests.m */,
			);
			path = UIKit;
			sourceTree = "<group>";
		};
/* End PBXGroup section */

/* Begin PBXNativeTarget section */
		498AF19018F1C81B005B27EA /* EventListener */ = {
			isa = PBXNativeTarget;
			buildConfigurationList = 498AF1B418F1C81B005B27EA /* Build configuration list for PBXNativeTarget "EventListener" */;
			buildPhases = (
				498AF18D18F1C81B005B27EA /* Sources */,
				498AF18E18F1C81B005B27EA /* Frameworks */,
				498AF18F18F1C81B005B27EA /* CopyFiles */,
			);
			buildRules = (
			);
			dependencies = (
			);
			name = EventListener;
			productName = EventListener;
			productReference = 498AF19118F1C81B005B27EA /* libEventListener.a */;
			productType = "com.apple.product-type.library.static";
		};
		498AF1A018F1C81B005B27EA /* EventListenerTests */ = {
			isa = PBXNativeTarget;
			buildConfigurationList = 498AF1B718F1C81B005B27EA /* Build configuration list for PBXNativeTarget "EventListenerTests" */;
			buildPhases = (
				40AADC43B2F949D98C1EB0D9 /* Check Pods Manifest.lock */,
				498AF19D18F1C81B005B27EA /* Sources */,
				498AF19E18F1C81B005B27EA /* Frameworks */,
				498AF19F18F1C81B005B27EA /* Resources */,
				09FBEB06EE9C4EBDA1752025 /* Copy Pods Resources */,
			);
			buildRules = (
			);
			dependencies = (
				498AF1A818F1C81B005B27EA /* PBXTargetDependency */,
			);
			name = EventListenerTests;
			productName = EventListenerTests;
			productReference = 498AF1A118F1C81B005B27EA /* EventListenerTests.xctest */;
			productType = "com.apple.product-type.bundle.unit-test";
		};
/* End PBXNativeTarget section */

/* Begin PBXProject section */
		498AF18918F1C81B005B27EA /* Project object */ = {
			isa = PBXProject;
			attributes = {
				LastUpgradeCheck = 0500;
				ORGANIZATIONNAME = KptainO;
			};
			buildConfigurationList = 498AF18C18F1C81B005B27EA /* Build configuration list for PBXProject "EventListener" */;
			compatibilityVersion = "Xcode 3.2";
			developmentRegion = English;
			hasScannedForEncodings = 0;
			knownRegions = (
				en,
			);
			mainGroup = 498AF18818F1C81B005B27EA;
			productRefGroup = 498AF19218F1C81B005B27EA /* Products */;
			projectDirPath = "";
			projectRoot = "";
			targets = (
				498AF19018F1C81B005B27EA /* EventListener */,
				498AF1A018F1C81B005B27EA /* EventListenerTests */,
			);
		};
/* End PBXProject section */

/* Begin PBXResourcesBuildPhase section */
		498AF19F18F1C81B005B27EA /* Resources */ = {
			isa = PBXResourcesBuildPhase;
			buildActionMask = 2147483647;
			files = (
				498AF1C418F1C900005B27EA /* InfoPlist.strings in Resources */,
			);
			runOnlyForDeploymentPostprocessing = 0;
		};
/* End PBXResourcesBuildPhase section */

/* Begin PBXShellScriptBuildPhase section */
		09FBEB06EE9C4EBDA1752025 /* Copy Pods Resources */ = {
			isa = PBXShellScriptBuildPhase;
			buildActionMask = 2147483647;
			files = (
			);
			inputPaths = (
			);
			name = "Copy Pods Resources";
			outputPaths = (
			);
			runOnlyForDeploymentPostprocessing = 0;
			shellPath = /bin/sh;
			shellScript = "\"${SRCROOT}/Pods/Pods-EventListenerTests-resources.sh\"\n";
			showEnvVarsInLog = 0;
		};
		40AADC43B2F949D98C1EB0D9 /* Check Pods Manifest.lock */ = {
			isa = PBXShellScriptBuildPhase;
			buildActionMask = 2147483647;
			files = (
			);
			inputPaths = (
			);
			name = "Check Pods Manifest.lock";
			outputPaths = (
			);
			runOnlyForDeploymentPostprocessing = 0;
			shellPath = /bin/sh;
			shellScript = "diff \"${PODS_ROOT}/../Podfile.lock\" \"${PODS_ROOT}/Manifest.lock\" > /dev/null\nif [[ $? != 0 ]] ; then\n    cat << EOM\nerror: The sandbox is not in sync with the Podfile.lock. Run 'pod install' or update your CocoaPods installation.\nEOM\n    exit 1\nfi\n";
			showEnvVarsInLog = 0;
		};
/* End PBXShellScriptBuildPhase section */

/* Begin PBXSourcesBuildPhase section */
		498AF18D18F1C81B005B27EA /* Sources */ = {
			isa = PBXSourcesBuildPhase;
			buildActionMask = 2147483647;
			files = (
				49D4DC7119058D0600E1AE89 /* EVEEvent+Friendly.m in Sources */,
				49D62CDB18F31EC800001E61 /* EVEOrderedList.m in Sources */,
				49D7602818F3592600D5D383 /* EVEEventListenerLambda.m in Sources */,
				49D7602B18F3593600D5D383 /* EVEEventListenerSelector.m in Sources */,
				498AF1D018F1CB68005B27EA /* EVEEvent.m in Sources */,
				490DB3021929350900FD61EC /* UIView+EventListener.m in Sources */,
				490DB305192939EF00FD61EC /* UIViewController+EventListener.m in Sources */,
				498AF1CD18F1CB55005B27EA /* EVEEventDispatcher.m in Sources */,
			);
			runOnlyForDeploymentPostprocessing = 0;
		};
		498AF19D18F1C81B005B27EA /* Sources */ = {
			isa = PBXSourcesBuildPhase;
			buildActionMask = 2147483647;
			files = (
				49DFE77A19129FDA00CD9553 /* EVEOrderedListTests.m in Sources */,
				49DBE5C2192BF53C00219B22 /* EVEUIKitTests.m in Sources */,
				490C2D531902D42100CF7FA6 /* EVEEventDispatcherTests.m in Sources */,
			);
			runOnlyForDeploymentPostprocessing = 0;
		};
/* End PBXSourcesBuildPhase section */

/* Begin PBXTargetDependency section */
		498AF1A818F1C81B005B27EA /* PBXTargetDependency */ = {
			isa = PBXTargetDependency;
			target = 498AF19018F1C81B005B27EA /* EventListener */;
			targetProxy = 498AF1A718F1C81B005B27EA /* PBXContainerItemProxy */;
		};
/* End PBXTargetDependency section */

/* Begin PBXVariantGroup section */
		498AF1C018F1C900005B27EA /* InfoPlist.strings */ = {
			isa = PBXVariantGroup;
			children = (
				498AF1C118F1C900005B27EA /* en */,
			);
			name = InfoPlist.strings;
			sourceTree = "<group>";
		};
/* End PBXVariantGroup section */

/* Begin XCBuildConfiguration section */
		498AF1B218F1C81B005B27EA /* Debug */ = {
			isa = XCBuildConfiguration;
			baseConfigurationReference = 498AF1C818F1C926005B27EA /* config.xcconfig */;
			buildSettings = {
				ALWAYS_SEARCH_USER_PATHS = NO;
				ARCHS = "$(ARCHS_STANDARD_INCLUDING_64_BIT)";
				CLANG_CXX_LANGUAGE_STANDARD = "gnu++0x";
				CLANG_CXX_LIBRARY = "libc++";
				CLANG_ENABLE_MODULES = YES;
				CLANG_ENABLE_OBJC_ARC = YES;
				CLANG_WARN_BOOL_CONVERSION = YES;
				CLANG_WARN_CONSTANT_CONVERSION = YES;
				CLANG_WARN_DIRECT_OBJC_ISA_USAGE = YES_ERROR;
				CLANG_WARN_EMPTY_BODY = YES;
				CLANG_WARN_ENUM_CONVERSION = YES;
				CLANG_WARN_INT_CONVERSION = YES;
				CLANG_WARN_OBJC_ROOT_CLASS = YES_ERROR;
				CLANG_WARN__DUPLICATE_METHOD_MATCH = YES;
				COPY_PHASE_STRIP = NO;
				GCC_C_LANGUAGE_STANDARD = gnu99;
				GCC_DYNAMIC_NO_PIC = NO;
				GCC_OPTIMIZATION_LEVEL = 0;
				GCC_PREPROCESSOR_DEFINITIONS = (
					"DEBUG=1",
					"$(inherited)",
				);
				GCC_SYMBOLS_PRIVATE_EXTERN = NO;
				GCC_WARN_64_TO_32_BIT_CONVERSION = YES;
				GCC_WARN_ABOUT_RETURN_TYPE = YES_ERROR;
				GCC_WARN_UNDECLARED_SELECTOR = YES;
				GCC_WARN_UNINITIALIZED_AUTOS = YES;
				GCC_WARN_UNUSED_FUNCTION = YES;
				GCC_WARN_UNUSED_VARIABLE = YES;
				IPHONEOS_DEPLOYMENT_TARGET = 7.0;
				ONLY_ACTIVE_ARCH = YES;
				SDKROOT = iphoneos;
			};
			name = Debug;
		};
		498AF1B318F1C81B005B27EA /* Release */ = {
			isa = XCBuildConfiguration;
			baseConfigurationReference = 498AF1C818F1C926005B27EA /* config.xcconfig */;
			buildSettings = {
				ALWAYS_SEARCH_USER_PATHS = NO;
				ARCHS = "$(ARCHS_STANDARD_INCLUDING_64_BIT)";
				CLANG_CXX_LANGUAGE_STANDARD = "gnu++0x";
				CLANG_CXX_LIBRARY = "libc++";
				CLANG_ENABLE_MODULES = YES;
				CLANG_ENABLE_OBJC_ARC = YES;
				CLANG_WARN_BOOL_CONVERSION = YES;
				CLANG_WARN_CONSTANT_CONVERSION = YES;
				CLANG_WARN_DIRECT_OBJC_ISA_USAGE = YES_ERROR;
				CLANG_WARN_EMPTY_BODY = YES;
				CLANG_WARN_ENUM_CONVERSION = YES;
				CLANG_WARN_INT_CONVERSION = YES;
				CLANG_WARN_OBJC_ROOT_CLASS = YES_ERROR;
				CLANG_WARN__DUPLICATE_METHOD_MATCH = YES;
				COPY_PHASE_STRIP = YES;
				ENABLE_NS_ASSERTIONS = NO;
				GCC_C_LANGUAGE_STANDARD = gnu99;
				GCC_WARN_64_TO_32_BIT_CONVERSION = YES;
				GCC_WARN_ABOUT_RETURN_TYPE = YES_ERROR;
				GCC_WARN_UNDECLARED_SELECTOR = YES;
				GCC_WARN_UNINITIALIZED_AUTOS = YES;
				GCC_WARN_UNUSED_FUNCTION = YES;
				GCC_WARN_UNUSED_VARIABLE = YES;
				IPHONEOS_DEPLOYMENT_TARGET = 7.0;
				SDKROOT = iphoneos;
				VALIDATE_PRODUCT = YES;
			};
			name = Release;
		};
		498AF1B518F1C81B005B27EA /* Debug */ = {
			isa = XCBuildConfiguration;
			buildSettings = {
				DSTROOT = /tmp/EventListener.dst;
				GCC_PRECOMPILE_PREFIX_HEADER = YES;
				OTHER_LDFLAGS = "-ObjC";
				PRODUCT_NAME = "$(TARGET_NAME)";
				SKIP_INSTALL = YES;
			};
			name = Debug;
		};
		498AF1B618F1C81B005B27EA /* Release */ = {
			isa = XCBuildConfiguration;
			buildSettings = {
				DSTROOT = /tmp/EventListener.dst;
				GCC_PRECOMPILE_PREFIX_HEADER = YES;
				OTHER_LDFLAGS = "-ObjC";
				PRODUCT_NAME = "$(TARGET_NAME)";
				SKIP_INSTALL = YES;
			};
			name = Release;
		};
		498AF1B818F1C81B005B27EA /* Debug */ = {
			isa = XCBuildConfiguration;
			baseConfigurationReference = 5E39B2865450406C915D82F3 /* Pods-EventListenerTests.xcconfig */;
			buildSettings = {
				ARCHS = "$(ARCHS_STANDARD_INCLUDING_64_BIT)";
				FRAMEWORK_SEARCH_PATHS = (
					"$(SDKROOT)/Developer/Library/Frameworks",
					"$(inherited)",
					"$(DEVELOPER_FRAMEWORKS_DIR)",
				);
				GCC_PRECOMPILE_PREFIX_HEADER = YES;
				GCC_PREPROCESSOR_DEFINITIONS = (
					"DEBUG=1",
					"$(inherited)",
				);
				PRODUCT_NAME = "$(TARGET_NAME)";
				WRAPPER_EXTENSION = xctest;
			};
			name = Debug;
		};
		498AF1B918F1C81B005B27EA /* Release */ = {
			isa = XCBuildConfiguration;
			baseConfigurationReference = 5E39B2865450406C915D82F3 /* Pods-EventListenerTests.xcconfig */;
			buildSettings = {
				ARCHS = "$(ARCHS_STANDARD_INCLUDING_64_BIT)";
				FRAMEWORK_SEARCH_PATHS = (
					"$(SDKROOT)/Developer/Library/Frameworks",
					"$(inherited)",
					"$(DEVELOPER_FRAMEWORKS_DIR)",
				);
				GCC_PRECOMPILE_PREFIX_HEADER = YES;
				PRODUCT_NAME = "$(TARGET_NAME)";
				WRAPPER_EXTENSION = xctest;
			};
			name = Release;
		};
/* End XCBuildConfiguration section */

/* Begin XCConfigurationList section */
		498AF18C18F1C81B005B27EA /* Build configuration list for PBXProject "EventListener" */ = {
			isa = XCConfigurationList;
			buildConfigurations = (
				498AF1B218F1C81B005B27EA /* Debug */,
				498AF1B318F1C81B005B27EA /* Release */,
			);
			defaultConfigurationIsVisible = 0;
			defaultConfigurationName = Release;
		};
		498AF1B418F1C81B005B27EA /* Build configuration list for PBXNativeTarget "EventListener" */ = {
			isa = XCConfigurationList;
			buildConfigurations = (
				498AF1B518F1C81B005B27EA /* Debug */,
				498AF1B618F1C81B005B27EA /* Release */,
			);
			defaultConfigurationIsVisible = 0;
			defaultConfigurationName = Release;
		};
		498AF1B718F1C81B005B27EA /* Build configuration list for PBXNativeTarget "EventListenerTests" */ = {
			isa = XCConfigurationList;
			buildConfigurations = (
				498AF1B818F1C81B005B27EA /* Debug */,
				498AF1B918F1C81B005B27EA /* Release */,
			);
			defaultConfigurationIsVisible = 0;
			defaultConfigurationName = Release;
		};
/* End XCConfigurationList section */
	};
	rootObject = 498AF18918F1C81B005B27EA /* Project object */;
}
